{
  "version": "5",
  "specifiers": {
    "npm:@types/node@*": "22.15.15",
    "npm:komodo_client@*": "1.19.1",
    "npm:vscode-languageserver@*": "9.0.1",
    "npm:vscode-ws-jsonrpc@*": "3.5.0"
  },
  "npm": {
    "@types/node@22.15.15": {
      "integrity": "sha512-R5muMcZob3/Jjchn5LcO8jdKwSCbzqmPB6ruBxMcf9kbxtniZHP327s6C37iOfuw8mbKK3cAQa7sEl7afLrQ8A==",
      "dependencies": [
        "undici-types"
      ]
    },
    "komodo_client@1.19.1": {
      "integrity": "sha512-FS6X9K1ghsJm1g1byLNgPFPxwiO5qJX3KHaBrRJcVad3cQshHcKhb6pzmK0B5O6asucY6GbH/Z6wejtfldIFdQ=="
    },
    "undici-types@6.21.0": {
      "integrity": "sha512-iwDZqg0QAGrg9Rav5H4n0M64c3mkR59cJ6wQp+7C4nI0gsmExaedaYLNO44eT4AtBBwjbTiGPMlt2Md0T9H9JQ=="
    },
    "vscode-jsonrpc@8.2.0": {
      "integrity": "sha512-C+r0eKJUIfiDIfwJhria30+TYWPtuHJXHtI7J0YlOmKAo7ogxP20T0zxB7HZQIFhIyvoBPwWskjxrvAtfjyZfA=="
    },
    "vscode-jsonrpc@8.2.1": {
      "integrity": "sha512-kdjOSJ2lLIn7r1rtrMbbNCHjyMPfRnowdKjBQ+mGq6NAW5QY2bEZC/khaC5OR8svbbjvLEaIXkOq45e2X9BIbQ=="
    },
    "vscode-languageserver-protocol@3.17.5": {
      "integrity": "sha512-mb1bvRJN8SVznADSGWM9u/b07H7Ecg0I3OgXDuLdn307rl/J3A9YD6/eYOssqhecL27hK1IPZAsaqh00i/Jljg==",
      "dependencies": [
        "vscode-jsonrpc@8.2.0",
        "vscode-languageserver-types"
      ]
    },
    "vscode-languageserver-types@3.17.5": {
      "integrity": "sha512-Ld1VelNuX9pdF39h2Hgaeb5hEZM2Z3jUrrMgWQAu82jMtZp7p3vJT3BzToKtZI7NgQssZje5o0zryOrhQvzQAg=="
    },
    "vscode-languageserver@9.0.1": {
      "integrity": "sha512-woByF3PDpkHFUreUa7Hos7+pUWdeWMXRd26+ZX2A8cFx6v/JPTtd4/uN0/jB6XQHYaOlHbio03NTHCqrgG5n7g==",
      "dependencies": [
        "vscode-languageserver-protocol"
      ],
      "bin": true
    },
    "vscode-ws-jsonrpc@3.5.0": {
      "integrity": "sha512-13ZDy7Od4AfEPK2HIfY3DtyRi4FVsvFql1yobVJrpIoHOKGGJpIjVvIJpMxkrHzCZzWlYlg+WEu2hrYkCTvM0Q==",
      "dependencies": [
        "vscode-jsonrpc@8.2.1"
      ]
    }
  }
}
